
Microsoft Visual Studio Solution File, Format Version 12.00
# Visual Studio Version 17
VisualStudioVersion = 17.3.32922.545
MinimumVisualStudioVersion = 10.0.40219.1
Project("{FAE04EC0-301F-11D3-BF4B-00C04F79EFBC}") = "BasicInterface", "BasicInterface\BasicInterface.csproj", "{766E4164-660A-4571-BD62-FB1491BCE6CE}"
EndProject
Global
	GlobalSection(SolutionConfigurationPlatforms) = preSolution
		Debug|Any CPU = Debug|Any CPU
		Release|Any CPU = Release|Any CPU
	EndGlobalSection
	GlobalSection(ProjectConfigurationPlatforms) = postSolution
		{766E4164-660A-4571-BD62-FB1491BCE6CE}.Debug|Any CPU.ActiveCfg = Debug|Any CPU
		{766E4164-660A-4571-BD62-FB1491BCE6CE}.Debug|Any CPU.Build.0 = Debug|Any CPU
		{766E4164-660A-4571-BD62-FB1491BCE6CE}.Release|Any CPU.ActiveCfg = Release|Any CPU
		{766E4164-660A-4571-BD62-FB1491BCE6CE}.Release|Any CPU.Build.0 = Release|Any CPU
	EndGlobalSection
	GlobalSection(SolutionProperties) = preSolution
		HideSolutionNode = FALSE
	EndGlobalSection
	GlobalSection(ExtensibilityGlobals) = postSolution
		SolutionGuid = {4D2B731B-D14F-404C-BEC6-0D6D7BA2BAB5}
	EndGlobalSection
EndGlobal
